{
  "nodes": {
    "flake-checks": {
      "locked": {
        "lastModified": 1726652014,
        "narHash": "sha256-TdbcCjW6z3VsFg1uvrvCdp0pzFXUyP8qegp8dSmQuaE=",
        "owner": "getchoo",
        "repo": "flake-checks",
        "rev": "108aa8f5a8a610ae14c1edb61017dd750b666ed6",
        "type": "github"
      },
      "original": {
        "owner": "getchoo",
        "repo": "flake-checks",
        "type": "github"
      }
    },
    "nixpkgs": {
      "locked": {
        "lastModified": 1728538411,
        "narHash": "sha256-f0SBJz1eZ2yOuKUr5CA9BHULGXVSn6miBuUWdTyhUhU=",
        "owner": "nixos",
        "repo": "nixpkgs",
        "rev": "b69de56fac8c2b6f8fd27f2eca01dcda8e0a4221",
        "type": "github"
      },
      "original": {
        "owner": "nixos",
        "ref": "nixpkgs-unstable",
        "repo": "nixpkgs",
        "type": "github"
      }
    },
    "root": {
      "inputs": {
        "flake-checks": "flake-checks",
        "nixpkgs": "nixpkgs",
        "rust-overlay": "rust-overlay"
      }
    },
    "rust-overlay": {
      "inputs": {
        "nixpkgs": [
          "nixpkgs"
        ]
      },
      "locked": {
        "lastModified": 1728613723,
        "narHash": "sha256-zVVj0PKguM8ZMdLE43YW7dzer3tl9e6i5Qs1fr878+c=",
        "owner": "oxalica",
        "repo": "rust-overlay",
        "rev": "ca93f28abd2147dd9997261dcaeacc5a30dba463",
        "type": "github"
      },
      "original": {
        "owner": "oxalica",
        "repo": "rust-overlay",
        "type": "github"
      }
    }
  },
  "root": "root",
  "version": 7
}
