{
  "nodes": {
    "flake-checks": {
      "locked": {
        "lastModified": 1722203301,
        "narHash": "sha256-AErsPk8ly2tkiJPieEjN8XuDSc5nJOWv8bv13jmNih0=",
        "owner": "getchoo",
        "repo": "flake-checks",
        "rev": "af23d7bab32b5438ba5602f0ab42dd1d596ef9d7",
        "type": "github"
      },
      "original": {
        "owner": "getchoo",
        "repo": "flake-checks",
        "type": "github"
      }
    },
    "nixpkgs": {
      "locked": {
        "lastModified": 1724114134,
        "narHash": "sha256-V/w5MIQy4jTG/L7/V/AL2BF5gSEWCfxHVDQdzLBCV18=",
        "owner": "nixos",
        "repo": "nixpkgs",
        "rev": "f02fa2f654c7bcc45f0e815c29d093da7f1245b4",
        "type": "github"
      },
      "original": {
        "owner": "nixos",
        "ref": "nixpkgs-unstable",
        "repo": "nixpkgs",
        "type": "github"
      }
    },
    "root": {
      "inputs": {
        "flake-checks": "flake-checks",
        "nixpkgs": "nixpkgs",
        "rust-overlay": "rust-overlay"
      }
    },
    "rust-overlay": {
      "inputs": {
        "nixpkgs": [
          "nixpkgs"
        ]
      },
      "locked": {
        "lastModified": 1724120436,
        "narHash": "sha256-/MvfxTjco5UDBF6SEvwyeXrXwZG7nz7/mDVreQNKsWg=",
        "owner": "oxalica",
        "repo": "rust-overlay",
        "rev": "48e61fe824f5823e4f3f15dd9a75c19c63649269",
        "type": "github"
      },
      "original": {
        "owner": "oxalica",
        "repo": "rust-overlay",
        "type": "github"
      }
    }
  },
  "root": "root",
  "version": 7
}
