{
  "nodes": {
    "flake-checks": {
      "locked": {
        "lastModified": 1726652014,
        "narHash": "sha256-TdbcCjW6z3VsFg1uvrvCdp0pzFXUyP8qegp8dSmQuaE=",
        "owner": "getchoo",
        "repo": "flake-checks",
        "rev": "108aa8f5a8a610ae14c1edb61017dd750b666ed6",
        "type": "github"
      },
      "original": {
        "owner": "getchoo",
        "repo": "flake-checks",
        "type": "github"
      }
    },
    "nixpkgs": {
      "locked": {
        "lastModified": 1729233716,
        "narHash": "sha256-6KKTybx+J3Es62MNYtmka0Hb8m1H0NSdlOSSjvXHvkU=",
        "owner": "nixos",
        "repo": "nixpkgs",
        "rev": "c858402c2a629211153137fb8d39be9fde4694ff",
        "type": "github"
      },
      "original": {
        "owner": "nixos",
        "ref": "nixpkgs-unstable",
        "repo": "nixpkgs",
        "type": "github"
      }
    },
    "root": {
      "inputs": {
        "flake-checks": "flake-checks",
        "nixpkgs": "nixpkgs",
        "rust-overlay": "rust-overlay"
      }
    },
    "rust-overlay": {
      "inputs": {
        "nixpkgs": [
          "nixpkgs"
        ]
      },
      "locked": {
        "lastModified": 1729218602,
        "narHash": "sha256-KDmYxpkFWa0Go0WnOpkgQOypVaQxbwgpEutET5ey1VQ=",
        "owner": "oxalica",
        "repo": "rust-overlay",
        "rev": "9051466c82b9b3a6ba9e06be99621ad25423ec94",
        "type": "github"
      },
      "original": {
        "owner": "oxalica",
        "repo": "rust-overlay",
        "type": "github"
      }
    }
  },
  "root": "root",
  "version": 7
}
